// !$*UTF8*$!
{
	archiveVersion = 1;
	classes = {
	};
	objectVersion = 46;
	objects = {

/* Begin PBXBuildFile section */
		59F8D23B1DED1025007B5209 /* AppDelegate.swift in Sources */ = {isa = PBXBuildFile; fileRef = 59F8D23A1DED1025007B5209 /* AppDelegate.swift */; };
		59F8D23D1DED1025007B5209 /* MainViewController.swift in Sources */ = {isa = PBXBuildFile; fileRef = 59F8D23C1DED1025007B5209 /* MainViewController.swift */; };
		59F8D2401DED1025007B5209 /* Main.storyboard in Resources */ = {isa = PBXBuildFile; fileRef = 59F8D23E1DED1025007B5209 /* Main.storyboard */; };
		59F8D2421DED1025007B5209 /* Assets.xcassets in Resources */ = {isa = PBXBuildFile; fileRef = 59F8D2411DED1025007B5209 /* Assets.xcassets */; };
		59F8D2451DED1025007B5209 /* LaunchScreen.storyboard in Resources */ = {isa = PBXBuildFile; fileRef = 59F8D2431DED1025007B5209 /* LaunchScreen.storyboard */; };
		59F8D24D1DED1082007B5209 /* DetailViewController.swift in Sources */ = {isa = PBXBuildFile; fileRef = 59F8D24C1DED1082007B5209 /* DetailViewController.swift */; };
		59F8D24F1DED11B4007B5209 /* WOEID.swift in Sources */ = {isa = PBXBuildFile; fileRef = 59F8D24E1DED11B4007B5209 /* WOEID.swift */; };
		59F8D2511DED11C3007B5209 /* WOEIDImporter.swift in Sources */ = {isa = PBXBuildFile; fileRef = 59F8D2501DED11C3007B5209 /* WOEIDImporter.swift */; };
		59F8D2531DED12A0007B5209 /* WOEIDListArchive in Resources */ = {isa = PBXBuildFile; fileRef = 59F8D2521DED12A0007B5209 /* WOEIDListArchive */; };
/* End PBXBuildFile section */

/* Begin PBXFileReference section */
		59F8D2371DED1025007B5209 /* WOEIDList.app */ = {isa = PBXFileReference; explicitFileType = wrapper.application; includeInIndex = 0; path = WOEIDList.app; sourceTree = BUILT_PRODUCTS_DIR; };
		59F8D23A1DED1025007B5209 /* AppDelegate.swift */ = {isa = PBXFileReference; lastKnownFileType = sourcecode.swift; path = AppDelegate.swift; sourceTree = "<group>"; };
		59F8D23C1DED1025007B5209 /* MainViewController.swift */ = {isa = PBXFileReference; lastKnownFileType = sourcecode.swift; path = MainViewController.swift; sourceTree = "<group>"; };
		59F8D23F1DED1025007B5209 /* Base */ = {isa = PBXFileReference; lastKnownFileType = file.storyboard; name = Base; path = Base.lproj/Main.storyboard; sourceTree = "<group>"; };
		59F8D2411DED1025007B5209 /* Assets.xcassets */ = {isa = PBXFileReference; lastKnownFileType = folder.assetcatalog; path = Assets.xcassets; sourceTree = "<group>"; };
		59F8D2441DED1025007B5209 /* Base */ = {isa = PBXFileReference; lastKnownFileType = file.storyboard; name = Base; path = Base.lproj/LaunchScreen.storyboard; sourceTree = "<group>"; };
		59F8D2461DED1025007B5209 /* Info.plist */ = {isa = PBXFileReference; lastKnownFileType = text.plist.xml; path = Info.plist; sourceTree = "<group>"; };
		59F8D24C1DED1082007B5209 /* DetailViewController.swift */ = {isa = PBXFileReference; fileEncoding = 4; lastKnownFileType = sourcecode.swift; path = DetailViewController.swift; sourceTree = "<group>"; };
		59F8D24E1DED11B4007B5209 /* WOEID.swift */ = {isa = PBXFileReference; fileEncoding = 4; lastKnownFileType = sourcecode.swift; path = WOEID.swift; sourceTree = "<group>"; };
		59F8D2501DED11C3007B5209 /* WOEIDImporter.swift */ = {isa = PBXFileReference; fileEncoding = 4; lastKnownFileType = sourcecode.swift; path = WOEIDImporter.swift; sourceTree = "<group>"; };
		59F8D2521DED12A0007B5209 /* WOEIDListArchive */ = {isa = PBXFileReference; lastKnownFileType = folder; path = WOEIDListArchive; sourceTree = "<group>"; };
/* End PBXFileReference section */

/* Begin PBXFrameworksBuildPhase section */
		59F8D2341DED1025007B5209 /* Frameworks */ = {
			isa = PBXFrameworksBuildPhase;
			buildActionMask = 2147483647;
			files = (
			);
			runOnlyForDeploymentPostprocessing = 0;
		};
/* End PBXFrameworksBuildPhase section */

/* Begin PBXGroup section */
		59F8D22E1DED1025007B5209 = {
			isa = PBXGroup;
			children = (
				59F8D2391DED1025007B5209 /* WOEIDList */,
				59F8D2381DED1025007B5209 /* Products */,
			);
			sourceTree = "<group>";
		};
		59F8D2381DED1025007B5209 /* Products */ = {
			isa = PBXGroup;
			children = (
				59F8D2371DED1025007B5209 /* WOEIDList.app */,
			);
			name = Products;
			sourceTree = "<group>";
		};
		59F8D2391DED1025007B5209 /* WOEIDList */ = {
			isa = PBXGroup;
			children = (
				59F8D2521DED12A0007B5209 /* WOEIDListArchive */,
				59F8D23A1DED1025007B5209 /* AppDelegate.swift */,
				59F8D23C1DED1025007B5209 /* MainViewController.swift */,
				59F8D24C1DED1082007B5209 /* DetailViewController.swift */,
				59F8D24E1DED11B4007B5209 /* WOEID.swift */,
				59F8D2501DED11C3007B5209 /* WOEIDImporter.swift */,
				59F8D23E1DED1025007B5209 /* Main.storyboard */,
				59F8D2411DED1025007B5209 /* Assets.xcassets */,
				59F8D2431DED1025007B5209 /* LaunchScreen.storyboard */,
				59F8D2461DED1025007B5209 /* Info.plist */,
			);
			path = WOEIDList;
			sourceTree = "<group>";
		};
/* End PBXGroup section */

/* Begin PBXNativeTarget section */
		59F8D2361DED1025007B5209 /* WOEIDList */ = {
			isa = PBXNativeTarget;
			buildConfigurationList = 59F8D2491DED1025007B5209 /* Build configuration list for PBXNativeTarget "WOEIDList" */;
			buildPhases = (
				59F8D2331DED1025007B5209 /* Sources */,
				59F8D2341DED1025007B5209 /* Frameworks */,
				59F8D2351DED1025007B5209 /* Resources */,
			);
			buildRules = (
			);
			dependencies = (
			);
			name = WOEIDList;
			productName = WOEIDList;
			productReference = 59F8D2371DED1025007B5209 /* WOEIDList.app */;
			productType = "com.apple.product-type.application";
		};
/* End PBXNativeTarget section */

/* Begin PBXProject section */
		59F8D22F1DED1025007B5209 /* Project object */ = {
			isa = PBXProject;
			attributes = {
				LastSwiftUpdateCheck = 0730;
				LastUpgradeCheck = 0730;
				ORGANIZATIONNAME = DaesubKim;
				TargetAttributes = {
					59F8D2361DED1025007B5209 = {
						CreatedOnToolsVersion = 7.3.1;
						DevelopmentTeam = NE9YAC47HN;
					};
				};
			};
			buildConfigurationList = 59F8D2321DED1025007B5209 /* Build configuration list for PBXProject "WOEIDList" */;
			compatibilityVersion = "Xcode 3.2";
			developmentRegion = English;
			hasScannedForEncodings = 0;
			knownRegions = (
				en,
				Base,
			);
			mainGroup = 59F8D22E1DED1025007B5209;
			productRefGroup = 59F8D2381DED1025007B5209 /* Products */;
			projectDirPath = "";
			projectRoot = "";
			targets = (
				59F8D2361DED1025007B5209 /* WOEIDList */,
			);
		};
/* End PBXProject section */

/* Begin PBXResourcesBuildPhase section */
		59F8D2351DED1025007B5209 /* Resources */ = {
			isa = PBXResourcesBuildPhase;
			buildActionMask = 2147483647;
			files = (
				59F8D2451DED1025007B5209 /* LaunchScreen.storyboard in Resources */,
				59F8D2421DED1025007B5209 /* Assets.xcassets in Resources */,
				59F8D2531DED12A0007B5209 /* WOEIDListArchive in Resources */,
				59F8D2401DED1025007B5209 /* Main.storyboard in Resources */,
			);
			runOnlyForDeploymentPostprocessing = 0;
		};
/* End PBXResourcesBuildPhase section */

/* Begin PBXSourcesBuildPhase section */
		59F8D2331DED1025007B5209 /* Sources */ = {
			isa = PBXSourcesBuildPhase;
			buildActionMask = 2147483647;
			files = (
				59F8D24D1DED1082007B5209 /* DetailViewController.swift in Sources */,
				59F8D23D1DED1025007B5209 /* MainViewController.swift in Sources */,
				59F8D24F1DED11B4007B5209 /* WOEID.swift in Sources */,
				59F8D2511DED11C3007B5209 /* WOEIDImporter.swift in Sources */,
				59F8D23B1DED1025007B5209 /* AppDelegate.swift in Sources */,
			);
			runOnlyForDeploymentPostprocessing = 0;
		};
/* End PBXSourcesBuildPhase section */

/* Begin PBXVariantGroup section */
		59F8D23E1DED1025007B5209 /* Main.storyboard */ = {
			isa = PBXVariantGroup;
			children = (
				59F8D23F1DED1025007B5209 /* Base */,
			);
			name = Main.storyboard;
			sourceTree = "<group>";
		};
		59F8D2431DED1025007B5209 /* LaunchScreen.storyboard */ = {
			isa = PBXVariantGroup;
			children = (
				59F8D2441DED1025007B5209 /* Base */,
			);
			name = LaunchScreen.storyboard;
			sourceTree = "<group>";
		};
/* End PBXVariantGroup section */

/* Begin XCBuildConfiguration section */
		59F8D2471DED1025007B5209 /* Debug */ = {
			isa = XCBuildConfiguration;
			buildSettings = {
				ALWAYS_SEARCH_USER_PATHS = NO;
				CLANG_ANALYZER_NONNULL = YES;
				CLANG_CXX_LANGUAGE_STANDARD = "gnu++0x";
				CLANG_CXX_LIBRARY = "libc++";
				CLANG_ENABLE_MODULES = YES;
				CLANG_ENABLE_OBJC_ARC = YES;
				CLANG_WARN_BOOL_CONVERSION = YES;
				CLANG_WARN_CONSTANT_CONVERSION = YES;
				CLANG_WARN_DIRECT_OBJC_ISA_USAGE = YES_ERROR;
				CLANG_WARN_EMPTY_BODY = YES;
				CLANG_WARN_ENUM_CONVERSION = YES;
				CLANG_WARN_INT_CONVERSION = YES;
				CLANG_WARN_OBJC_ROOT_CLASS = YES_ERROR;
				CLANG_WARN_UNREACHABLE_CODE = YES;
				CLANG_WARN__DUPLICATE_METHOD_MATCH = YES;
				"CODE_SIGN_IDENTITY[sdk=iphoneos*]" = "iPhone Developer";
				COPY_PHASE_STRIP = NO;
				DEBUG_INFORMATION_FORMAT = dwarf;
				ENABLE_STRICT_OBJC_MSGSEND = YES;
				ENABLE_TESTABILITY = YES;
				GCC_C_LANGUAGE_STANDARD = gnu99;
				GCC_DYNAMIC_NO_PIC = NO;
				GCC_NO_COMMON_BLOCKS = YES;
				GCC_OPTIMIZATION_LEVEL = 0;
				GCC_PREPROCESSOR_DEFINITIONS = (
					"DEBUG=1",
					"$(inherited)",
				);
				GCC_WARN_64_TO_32_BIT_CONVERSION = YES;
				GCC_WARN_ABOUT_RETURN_TYPE = YES_ERROR;
				GCC_WARN_UNDECLARED_SELECTOR = YES;
				GCC_WARN_UNINITIALIZED_AUTOS = YES_AGGRESSIVE;
				GCC_WARN_UNUSED_FUNCTION = YES;
				GCC_WARN_UNUSED_VARIABLE = YES;
				IPHONEOS_DEPLOYMENT_TARGET = 9.3;
				MTL_ENABLE_DEBUG_INFO = YES;
				ONLY_ACTIVE_ARCH = YES;
				SDKROOT = iphoneos;
				SWIFT_OPTIMIZATION_LEVEL = "-Onone";
			};
			name = Debug;
		};
		59F8D2481DED1025007B5209 /* Release */ = {
			isa = XCBuildConfiguration;
			buildSettings = {
				ALWAYS_SEARCH_USER_PATHS = NO;
				CLANG_ANALYZER_NONNULL = YES;
				CLANG_CXX_LANGUAGE_STANDARD = "gnu++0x";
				CLANG_CXX_LIBRARY = "libc++";
				CLANG_ENABLE_MODULES = YES;
				CLANG_ENABLE_OBJC_ARC = YES;
				CLANG_WARN_BOOL_CONVERSION = YES;
				CLANG_WARN_CONSTANT_CONVERSION = YES;
				CLANG_WARN_DIRECT_OBJC_ISA_USAGE = YES_ERROR;
				CLANG_WARN_EMPTY_BODY = YES;
				CLANG_WARN_ENUM_CONVERSION = YES;
				CLANG_WARN_INT_CONVERSION = YES;
				CLANG_WARN_OBJC_ROOT_CLASS = YES_ERROR;
				CLANG_WARN_UNREACHABLE_CODE = YES;
				CLANG_WARN__DUPLICATE_METHOD_MATCH = YES;
				"CODE_SIGN_IDENTITY[sdk=iphoneos*]" = "iPhone Developer";
				COPY_PHASE_STRIP = NO;
				DEBUG_INFORMATION_FORMAT = "dwarf-with-dsym";
				ENABLE_NS_ASSERTIONS = NO;
				ENABLE_STRICT_OBJC_MSGSEND = YES;
				GCC_C_LANGUAGE_STANDARD = gnu99;
				GCC_NO_COMMON_BLOCKS = YES;
				GCC_WARN_64_TO_32_BIT_CONVERSION = YES;
				GCC_WARN_ABOUT_RETURN_TYPE = YES_ERROR;
				GCC_WARN_UNDECLARED_SELECTOR = YES;
				GCC_WARN_UNINITIALIZED_AUTOS = YES_AGGRESSIVE;
				GCC_WARN_UNUSED_FUNCTION = YES;
				GCC_WARN_UNUSED_VARIABLE = YES;
				IPHONEOS_DEPLOYMENT_TARGET = 9.3;
				MTL_ENABLE_DEBUG_INFO = NO;
				SDKROOT = iphoneos;
				VALIDATE_PRODUCT = YES;
			};
			name = Release;
		};
		59F8D24A1DED1025007B5209 /* Debug */ = {
			isa = XCBuildConfiguration;
			buildSettings = {
				ASSETCATALOG_COMPILER_APPICON_NAME = AppIcon;
				INFOPLIST_FILE = WOEIDList/Info.plist;
				LD_RUNPATH_SEARCH_PATHS = "$(inherited) @executable_path/Frameworks";
				PRODUCT_BUNDLE_IDENTIFIER = com.daesub.WOEIDList;
				PRODUCT_NAME = "$(TARGET_NAME)";
			};
			name = Debug;
		};
		59F8D24B1DED1025007B5209 /* Release */ = {
			isa = XCBuildConfiguration;
			buildSettings = {
				ASSETCATALOG_COMPILER_APPICON_NAME = AppIcon;
				INFOPLIST_FILE = WOEIDList/Info.plist;
				LD_RUNPATH_SEARCH_PATHS = "$(inherited) @executable_path/Frameworks";
				PRODUCT_BUNDLE_IDENTIFIER = com.daesub.WOEIDList;
				PRODUCT_NAME = "$(TARGET_NAME)";
			};
			name = Release;
		};
/* End XCBuildConfiguration section */

/* Begin XCConfigurationList section */
		59F8D2321DED1025007B5209 /* Build configuration list for PBXProject "WOEIDList" */ = {
			isa = XCConfigurationList;
			buildConfigurations = (
				59F8D2471DED1025007B5209 /* Debug */,
				59F8D2481DED1025007B5209 /* Release */,
			);
			defaultConfigurationIsVisible = 0;
			defaultConfigurationName = Release;
		};
		59F8D2491DED1025007B5209 /* Build configuration list for PBXNativeTarget "WOEIDList" */ = {
			isa = XCConfigurationList;
			buildConfigurations = (
				59F8D24A1DED1025007B5209 /* Debug */,
				59F8D24B1DED1025007B5209 /* Release */,
			);
			defaultConfigurationIsVisible = 0;
		};
/* End XCConfigurationList section */
	};
	rootObject = 59F8D22F1DED1025007B5209 /* Project object */;
}
